<?xml version="1.0" encoding="utf-8"?>
<Project ToolsVersion="4.0" xmlns="http://schemas.microsoft.com/developer/msbuild/2003">
  <ItemGroup>
    <Filter Include="Widgets">
      <UniqueIdentifier>{0cddf820-66c6-47d5-91ff-c45d57244227}</UniqueIdentifier>
    </Filter>
    <Filter Include="XML">
      <UniqueIdentifier>{62ffd5c9-2880-4b55-877f-b451214b954d}</UniqueIdentifier>
    </Filter>
    <Filter Include="Widgets\Controls">
      <UniqueIdentifier>{bcbf165e-0d55-46c2-b146-e1925bb7e39d}</UniqueIdentifier>
    </Filter>
    <Filter Include="Config">
      <UniqueIdentifier>{e4ad0f42-eee9-4c99-8cdd-007eeb9fe58e}</UniqueIdentifier>
    </Filter>
    <Filter Include="Scripting">
      <UniqueIdentifier>{cec12949-fe65-489e-8f0b-9e7e44736830}</UniqueIdentifier>
    </Filter>
    <Filter Include="Scenes">
      <UniqueIdentifier>{b2aa5025-b2d0-4611-86bf-6c8dcf423ca3}</UniqueIdentifier>
    </Filter>
  </ItemGroup>
  <ItemGroup>
    <ClCompile Include="..\src\XML\WidgetBuilder.cpp">
      <Filter>XML</Filter>
    </ClCompile>
    <ClCompile Include="..\src\Widgets\Function.cpp">
      <Filter>Widgets</Filter>
    </ClCompile>
    <ClCompile Include="..\src\Widgets\Widget.cpp">
      <Filter>Widgets</Filter>
    </ClCompile>
    <ClCompile Include="..\src\Widgets\Connector.cpp">
      <Filter>Widgets</Filter>
    </ClCompile>
    <ClCompile Include="..\src\Widgets\Controls\PopupMenu.cpp">
      <Filter>Widgets\Controls</Filter>
    </ClCompile>
    <ClCompile Include="..\src\Widgets\EventHandler.cpp">
      <Filter>Widgets</Filter>
    </ClCompile>
    <ClCompile Include="..\src\Application.cpp" />
    <ClCompile Include="..\src\Main_old.cpp" />
    <ClCompile Include="..\src\Widgets\Dragable.cpp">
      <Filter>Widgets</Filter>
    </ClCompile>
    <ClCompile Include="..\src\Config\ConfigFile.cpp">
      <Filter>Config</Filter>
    </ClCompile>
    <ClCompile Include="..\src\Config\SimpleParser.cpp">
      <Filter>Config</Filter>
    </ClCompile>
    <ClCompile Include="..\src\Config\ConfigEntry.cpp">
      <Filter>Config</Filter>
    </ClCompile>
    <ClCompile Include="..\src\Widgets\Selectable.cpp">
      <Filter>Widgets</Filter>
    </ClCompile>
    <ClCompile Include="..\src\Scenes\Scene.cpp">
      <Filter>Scenes</Filter>
    </ClCompile>
    <ClCompile Include="..\src\Scenes\SceneManager.cpp">
      <Filter>Scenes</Filter>
    </ClCompile>
    <ClCompile Include="..\src\Scenes\Workplace.cpp">
      <Filter>Scenes</Filter>
    </ClCompile>
  </ItemGroup>
  <ItemGroup>
    <ClInclude Include="..\src\stdafx.h" />
    <ClInclude Include="..\src\XML\WidgetBuilder.h">
      <Filter>XML</Filter>
    </ClInclude>
    <ClInclude Include="..\src\Widgets\Function.h">
      <Filter>Widgets</Filter>
    </ClInclude>
    <ClInclude Include="..\src\Widgets\Widget.h">
      <Filter>Widgets</Filter>
    </ClInclude>
    <ClInclude Include="..\src\Widgets\Connector.h">
      <Filter>Widgets</Filter>
    </ClInclude>
    <ClInclude Include="..\src\Widgets\Controls\PopupMenu.h">
      <Filter>Widgets\Controls</Filter>
    </ClInclude>
    <ClInclude Include="..\src\Widgets\EventHandler.h">
      <Filter>Widgets</Filter>
    </ClInclude>
    <ClInclude Include="..\src\Application.h" />
    <ClInclude Include="..\src\Widgets\Dragable.h">
      <Filter>Widgets</Filter>
    </ClInclude>
    <ClInclude Include="..\src\Config\ConfigFile.h">
      <Filter>Config</Filter>
    </ClInclude>
    <ClInclude Include="..\src\Config\IParser.h">
      <Filter>Config</Filter>
    </ClInclude>
    <ClInclude Include="..\src\Config\SimpleParser.h">
      <Filter>Config</Filter>
    </ClInclude>
    <ClInclude Include="..\src\Config\ConfigEntry.h">
      <Filter>Config</Filter>
    </ClInclude>
    <ClInclude Include="..\src\Widgets\Selectable.h">
      <Filter>Widgets</Filter>
    </ClInclude>
    <ClInclude Include="..\src\Scenes\Scene.h">
      <Filter>Scenes</Filter>
    </ClInclude>
    <ClInclude Include="..\src\Scenes\SceneManager.h">
      <Filter>Scenes</Filter>
    </ClInclude>
    <ClInclude Include="..\src\Scenes\Workplace.h">
      <Filter>Scenes</Filter>
    </ClInclude>
  </ItemGroup>
</Project>